
Microsoft Visual Studio Solution File, Format Version 12.00
# Visual Studio Version 17
VisualStudioVersion = 17.11.35219.272
MinimumVisualStudioVersion = 10.0.40219.1
Project("{FAE04EC0-301F-11D3-BF4B-00C04F79EFBC}") = "Baitap01", "Baitap01\Baitap01.csproj", "{72A32AEA-205F-4C65-B66A-70098F32D3F4}"
EndProject
Global
	GlobalSection(SolutionConfigurationPlatforms) = preSolution
		Debug|Any CPU = Debug|Any CPU
		Release|Any CPU = Release|Any CPU
	EndGlobalSection
	GlobalSection(ProjectConfigurationPlatforms) = postSolution
		{72A32AEA-205F-4C65-B66A-70098F32D3F4}.Debug|Any CPU.ActiveCfg = Debug|Any CPU
		{72A32AEA-205F-4C65-B66A-70098F32D3F4}.Debug|Any CPU.Build.0 = Debug|Any CPU
		{72A32AEA-205F-4C65-B66A-70098F32D3F4}.Release|Any CPU.ActiveCfg = Release|Any CPU
		{72A32AEA-205F-4C65-B66A-70098F32D3F4}.Release|Any CPU.Build.0 = Release|Any CPU
	EndGlobalSection
	GlobalSection(SolutionProperties) = preSolution
		HideSolutionNode = FALSE
	EndGlobalSection
	GlobalSection(ExtensibilityGlobals) = postSolution
		SolutionGuid = {3DC81274-9A68-4805-8CF4-4141617DAAD0}
	EndGlobalSection
EndGlobal
